<?xml version="1.0" encoding="utf-8"?>
<Project ToolsVersion="4.0" xmlns="http://schemas.microsoft.com/developer/msbuild/2003">
  <ItemGroup>
    <Filter Include="Source Files">
      <UniqueIdentifier>{4FC737F1-C7A5-4376-A066-2A32D752A2FF}</UniqueIdentifier>
      <Extensions>cpp;c;cc;cxx;c++;cppm;ixx;def;odl;idl;hpj;bat;asm;asmx</Extensions>
    </Filter>
    <Filter Include="Header Files">
      <UniqueIdentifier>{93995380-89BD-4b04-88EB-625FBE52EBFB}</UniqueIdentifier>
      <Extensions>h;hh;hpp;hxx;h++;hm;inl;inc;ipp;xsd</Extensions>
    </Filter>
    <Filter Include="Resource Files">
      <UniqueIdentifier>{67DA6AB6-F800-4c08-8B7A-83BB121AAD01}</UniqueIdentifier>
      <Extensions>rc;ico;cur;bmp;dlg;rc2;rct;bin;rgs;gif;jpg;jpeg;jpe;resx;tiff;tif;png;wav;mfcribbon-ms</Extensions>
    </Filter>
    <Filter Include="Source Files\View">
      <UniqueIdentifier>{14bf648f-1a1f-4bcc-9b76-01bf5493d580}</UniqueIdentifier>
    </Filter>
    <Filter Include="Source Files\Model">
      <UniqueIdentifier>{76f91e24-cf06-493e-ae53-6656047eea72}</UniqueIdentifier>
    </Filter>
    <Filter Include="Source Files\Util">
      <UniqueIdentifier>{a3c95329-f646-4a3b-a609-81b69d6995e2}</UniqueIdentifier>
    </Filter>
    <Filter Include="Source Files\Controller">
      <UniqueIdentifier>{fbbb0879-16ef-4b30-895c-ebe7742c2177}</UniqueIdentifier>
    </Filter>
  </ItemGroup>
  <ItemGroup>
    <ClCompile Include="Utils\WordDictionaryReader.cpp">
      <Filter>Source Files\Util</Filter>
    </ClCompile>
    <ClCompile Include="View\WordleMainForm.cpp">
      <Filter>Source Files\View</Filter>
    </ClCompile>
    <ClCompile Include="Controller\GameController.cpp">
      <Filter>Source Files\Controller</Filter>
    </ClCompile>
    <ClCompile Include="Model\GameLogic.cpp">
      <Filter>Source Files\Model</Filter>
    </ClCompile>
    <ClCompile Include="Utils\Utils.cpp">
      <Filter>Source Files\Util</Filter>
    </ClCompile>
    <ClCompile Include="Model\Player.cpp">
      <Filter>Source Files\Model</Filter>
    </ClCompile>
    <ClCompile Include="Utils\UserFileReader.cpp">
      <Filter>Source Files\Util</Filter>
    </ClCompile>
    <ClCompile Include="View\UserLogin.cpp">
      <Filter>Source Files\View</Filter>
    </ClCompile>
    <ClCompile Include="View\StatsForm.cpp">
      <Filter>Source Files\View</Filter>
    </ClCompile>
    <ClCompile Include="Controller\SoundController.cpp">
      <Filter>Source Files\Controller</Filter>
    </ClCompile>
  </ItemGroup>
  <ItemGroup>
    <ClInclude Include="View\WordleMainForm.h">
      <Filter>Header Files</Filter>
    </ClInclude>
    <ClInclude Include="Utils\WordDictionaryReader.h">
      <Filter>Header Files</Filter>
    </ClInclude>
    <ClInclude Include="Controller\GameController.h">
      <Filter>Header Files</Filter>
    </ClInclude>
    <ClInclude Include="Model\GameLogic.h">
      <Filter>Header Files</Filter>
    </ClInclude>
    <ClInclude Include="Utils\Utils.h">
      <Filter>Header Files</Filter>
    </ClInclude>
    <ClInclude Include="Model\Player.h">
      <Filter>Header Files</Filter>
    </ClInclude>
    <ClInclude Include="Utils\UserFileReader.h">
      <Filter>Header Files</Filter>
    </ClInclude>
    <ClInclude Include="View\UserLogin.h">
      <Filter>Header Files</Filter>
    </ClInclude>
    <ClInclude Include="View\StatsForm.h">
      <Filter>Header Files</Filter>
    </ClInclude>
    <ClInclude Include="Controller\SoundController.h">
      <Filter>Header Files</Filter>
    </ClInclude>
  </ItemGroup>
  <ItemGroup>
    <Text Include="Assets\dictionary.txt">
      <Filter>Resource Files</Filter>
    </Text>
  </ItemGroup>
  <ItemGroup>
    <Image Include="Assets\backspace.png">
      <Filter>Resource Files</Filter>
    </Image>
  </ItemGroup>
</Project>